Microsoft Visual Studio Solution File, Format Version 12.00
# Visual Studio Version 17
VisualStudioVersion = 17.5.2.0
MinimumVisualStudioVersion = 10.0.40219.1
Project("{FAE04EC0-301F-11D3-BF4B-00C04F79EFBC}") = "DICOMtools", "DICOMtools.csproj", "{4F90B2A1-F3C8-C17F-8B2E-F1D098D5BE37}"
EndProject
Global
	GlobalSection(SolutionConfigurationPlatforms) = preSolution
		Debug|Any CPU = Debug|Any CPU
		Release|Any CPU = Release|Any CPU
	EndGlobalSection
	GlobalSection(ProjectConfigurationPlatforms) = postSolution
		{4F90B2A1-F3C8-C17F-8B2E-F1D098D5BE37}.Debug|Any CPU.ActiveCfg = Debug|Any CPU
		{4F90B2A1-F3C8-C17F-8B2E-F1D098D5BE37}.Debug|Any CPU.Build.0 = Debug|Any CPU
		{4F90B2A1-F3C8-C17F-8B2E-F1D098D5BE37}.Release|Any CPU.ActiveCfg = Release|Any CPU
		{4F90B2A1-F3C8-C17F-8B2E-F1D098D5BE37}.Release|Any CPU.Build.0 = Release|Any CPU
	EndGlobalSection
	GlobalSection(SolutionProperties) = preSolution
		HideSolutionNode = FALSE
	EndGlobalSection
	GlobalSection(ExtensibilityGlobals) = postSolution
		SolutionGuid = {CDFED6DA-D617-4B1F-89D4-1263EE5AB025}
	EndGlobalSection
EndGlobal
